
Microsoft Visual Studio Solution File, Format Version 12.00
# Visual Studio Version 17
VisualStudioVersion = 17.6.33712.159
MinimumVisualStudioVersion = 10.0.40219.1
Project("{FAE04EC0-301F-11D3-BF4B-00C04F79EFBC}") = "ConsoleApp1", "ConsoleApp1\ConsoleApp1.csproj", "{079112C4-F100-414D-AAA7-9FB24F8264D3}"
EndProject
Global
	GlobalSection(SolutionConfigurationPlatforms) = preSolution
		Debug|Any CPU = Debug|Any CPU
		Release|Any CPU = Release|Any CPU
	EndGlobalSection
	GlobalSection(ProjectConfigurationPlatforms) = postSolution
		{079112C4-F100-414D-AAA7-9FB24F8264D3}.Debug|Any CPU.ActiveCfg = Debug|Any CPU
		{079112C4-F100-414D-AAA7-9FB24F8264D3}.Debug|Any CPU.Build.0 = Debug|Any CPU
		{079112C4-F100-414D-AAA7-9FB24F8264D3}.Release|Any CPU.ActiveCfg = Release|Any CPU
		{079112C4-F100-414D-AAA7-9FB24F8264D3}.Release|Any CPU.Build.0 = Release|Any CPU
	EndGlobalSection
	GlobalSection(SolutionProperties) = preSolution
		HideSolutionNode = FALSE
	EndGlobalSection
	GlobalSection(ExtensibilityGlobals) = postSolution
		SolutionGuid = {BB85EEBB-AE94-45BE-87A3-F19606836CAB}
	EndGlobalSection
EndGlobal
